{
    "version": 3,
    "terraform_version": "0.11.7",
    "serial": 4,
    "lineage": "b90b5579-c001-3667-2912-6018fc3c771d",
    "modules": [
        {
            "path": [
                "root"
            ],
            "outputs": {
                "azure_website": {
                    "sensitive": false,
                    "type": "string",
                    "value": "http://terraformtest.azurewebsites.net"
                },
                "fqdn": {
                    "sensitive": false,
                    "type": "string",
                    "value": "terraformtest.southcentralus.cloudapp.azure.com"
                },
                "ip_address": {
                    "sensitive": false,
                    "type": "string",
                    "value": "40.124.3.123"
                },
                "resource_group": {
                    "sensitive": false,
                    "type": "string",
                    "value": "nosqlgroup"
                },
                "ssh_command_master": {
                    "sensitive": false,
                    "type": "string",
                    "value": "ssh iggyadmin@40.124.3.123 -p 64001"
                },
                "ssh_command_slave": {
                    "sensitive": false,
                    "type": "string",
                    "value": "ssh iggyadmin@40.124.3.123 -p 64002"
                }
            },
            "resources": {
                "azurerm_availability_set.availability_set": {
                    "type": "azurerm_availability_set",
                    "depends_on": [
                        "azurerm_resource_group.rg"
                    ],
                    "primary": {
                        "id": "/subscriptions/ba2d2a18-74e5-472d-82c4-6793c3e18738/resourceGroups/nosqlgroup/providers/Microsoft.Compute/availabilitySets/terraformtest-set",
                        "attributes": {
                            "id": "/subscriptions/ba2d2a18-74e5-472d-82c4-6793c3e18738/resourceGroups/nosqlgroup/providers/Microsoft.Compute/availabilitySets/terraformtest-set",
                            "location": "southcentralus",
                            "managed": "false",
                            "name": "terraformtest-set",
                            "platform_fault_domain_count": "3",
                            "platform_update_domain_count": "5",
                            "resource_group_name": "nosqlgroup",
                            "tags.%": "0"
                        },
                        "meta": {},
                        "tainted": false
                    },
                    "deposed": [],
                    "provider": "provider.azurerm"
                },
                "azurerm_lb.lb": {
                    "type": "azurerm_lb",
                    "depends_on": [
                        "azurerm_public_ip.pip",
                        "azurerm_resource_group.rg"
                    ],
                    "primary": {
                        "id": "/subscriptions/ba2d2a18-74e5-472d-82c4-6793c3e18738/resourceGroups/nosqlgroup/providers/Microsoft.Network/loadBalancers/terraformtest-lb",
                        "attributes": {
                            "frontend_ip_configuration.#": "1",
                            "frontend_ip_configuration.0.inbound_nat_rules.#": "0",
                            "frontend_ip_configuration.0.load_balancer_rules.#": "0",
                            "frontend_ip_configuration.0.name": "terraformtest-sshIPCfg",
                            "frontend_ip_configuration.0.private_ip_address": "",
                            "frontend_ip_configuration.0.private_ip_address_allocation": "Dynamic",
                            "frontend_ip_configuration.0.public_ip_address_id": "/subscriptions/ba2d2a18-74e5-472d-82c4-6793c3e18738/resourceGroups/nosqlgroup/providers/Microsoft.Network/publicIPAddresses/mysqlIP01",
                            "frontend_ip_configuration.0.subnet_id": "",
                            "frontend_ip_configuration.0.zones.#": "0",
                            "id": "/subscriptions/ba2d2a18-74e5-472d-82c4-6793c3e18738/resourceGroups/nosqlgroup/providers/Microsoft.Network/loadBalancers/terraformtest-lb",
                            "location": "southcentralus",
                            "name": "terraformtest-lb",
                            "private_ip_address": "",
                            "private_ip_addresses.#": "0",
                            "resource_group_name": "nosqlgroup",
                            "sku": "Basic",
                            "tags.%": "0"
                        },
                        "meta": {},
                        "tainted": false
                    },
                    "deposed": [],
                    "provider": "provider.azurerm"
                },
                "azurerm_lb_backend_address_pool.backend_pool": {
                    "type": "azurerm_lb_backend_address_pool",
                    "depends_on": [
                        "azurerm_lb.lb",
                        "azurerm_resource_group.rg"
                    ],
                    "primary": {
                        "id": "/subscriptions/ba2d2a18-74e5-472d-82c4-6793c3e18738/resourceGroups/nosqlgroup/providers/Microsoft.Network/loadBalancers/terraformtest-lb/backendAddressPools/terraformtest-ilbBackendPool",
                        "attributes": {
                            "backend_ip_configurations.#": "0",
                            "id": "/subscriptions/ba2d2a18-74e5-472d-82c4-6793c3e18738/resourceGroups/nosqlgroup/providers/Microsoft.Network/loadBalancers/terraformtest-lb/backendAddressPools/terraformtest-ilbBackendPool",
                            "load_balancing_rules.#": "0",
                            "loadbalancer_id": "/subscriptions/ba2d2a18-74e5-472d-82c4-6793c3e18738/resourceGroups/nosqlgroup/providers/Microsoft.Network/loadBalancers/terraformtest-lb",
                            "name": "terraformtest-ilbBackendPool",
                            "resource_group_name": "nosqlgroup"
                        },
                        "meta": {},
                        "tainted": false
                    },
                    "deposed": [],
                    "provider": "provider.azurerm"
                },
                "azurerm_lb_nat_rule.MySQLNatRule0.0": {
                    "type": "azurerm_lb_nat_rule",
                    "depends_on": [
                        "azurerm_lb.lb",
                        "azurerm_resource_group.rg"
                    ],
                    "primary": {
                        "id": "/subscriptions/ba2d2a18-74e5-472d-82c4-6793c3e18738/resourceGroups/nosqlgroup/providers/Microsoft.Network/loadBalancers/terraformtest-lb/inboundNatRules/terraformtest-MySQLNatRule-0",
                        "attributes": {
                            "backend_port": "3306",
                            "enable_floating_ip": "false",
                            "frontend_ip_configuration_id": "/subscriptions/ba2d2a18-74e5-472d-82c4-6793c3e18738/resourceGroups/nosqlgroup/providers/Microsoft.Network/loadBalancers/terraformtest-lb/frontendIPConfigurations/terraformtest-sshIPCfg",
                            "frontend_ip_configuration_name": "terraformtest-sshIPCfg",
                            "frontend_port": "3306",
                            "id": "/subscriptions/ba2d2a18-74e5-472d-82c4-6793c3e18738/resourceGroups/nosqlgroup/providers/Microsoft.Network/loadBalancers/terraformtest-lb/inboundNatRules/terraformtest-MySQLNatRule-0",
                            "loadbalancer_id": "/subscriptions/ba2d2a18-74e5-472d-82c4-6793c3e18738/resourceGroups/nosqlgroup/providers/Microsoft.Network/loadBalancers/terraformtest-lb",
                            "name": "terraformtest-MySQLNatRule-0",
                            "protocol": "Tcp",
                            "resource_group_name": "nosqlgroup"
                        },
                        "meta": {},
                        "tainted": false
                    },
                    "deposed": [],
                    "provider": "provider.azurerm"
                },
                "azurerm_lb_nat_rule.MySQLNatRule0.1": {
                    "type": "azurerm_lb_nat_rule",
                    "depends_on": [
                        "azurerm_lb.lb",
                        "azurerm_resource_group.rg"
                    ],
                    "primary": {
                        "id": "/subscriptions/ba2d2a18-74e5-472d-82c4-6793c3e18738/resourceGroups/nosqlgroup/providers/Microsoft.Network/loadBalancers/terraformtest-lb/inboundNatRules/terraformtest-MySQLNatRule-1",
                        "attributes": {
                            "backend_port": "3306",
                            "enable_floating_ip": "false",
                            "frontend_ip_configuration_id": "/subscriptions/ba2d2a18-74e5-472d-82c4-6793c3e18738/resourceGroups/nosqlgroup/providers/Microsoft.Network/loadBalancers/terraformtest-lb/frontendIPConfigurations/terraformtest-sshIPCfg",
                            "frontend_ip_configuration_name": "terraformtest-sshIPCfg",
                            "frontend_port": "3307",
                            "id": "/subscriptions/ba2d2a18-74e5-472d-82c4-6793c3e18738/resourceGroups/nosqlgroup/providers/Microsoft.Network/loadBalancers/terraformtest-lb/inboundNatRules/terraformtest-MySQLNatRule-1",
                            "loadbalancer_id": "/subscriptions/ba2d2a18-74e5-472d-82c4-6793c3e18738/resourceGroups/nosqlgroup/providers/Microsoft.Network/loadBalancers/terraformtest-lb",
                            "name": "terraformtest-MySQLNatRule-1",
                            "protocol": "Tcp",
                            "resource_group_name": "nosqlgroup"
                        },
                        "meta": {},
                        "tainted": false
                    },
                    "deposed": [],
                    "provider": "provider.azurerm"
                },
                "azurerm_lb_nat_rule.NatRule0.0": {
                    "type": "azurerm_lb_nat_rule",
                    "depends_on": [
                        "azurerm_lb.lb",
                        "azurerm_resource_group.rg"
                    ],
                    "primary": {
                        "id": "/subscriptions/ba2d2a18-74e5-472d-82c4-6793c3e18738/resourceGroups/nosqlgroup/providers/Microsoft.Network/loadBalancers/terraformtest-lb/inboundNatRules/terraformtest-NatRule-0",
                        "attributes": {
                            "backend_port": "22",
                            "enable_floating_ip": "false",
                            "frontend_ip_configuration_id": "/subscriptions/ba2d2a18-74e5-472d-82c4-6793c3e18738/resourceGroups/nosqlgroup/providers/Microsoft.Network/loadBalancers/terraformtest-lb/frontendIPConfigurations/terraformtest-sshIPCfg",
                            "frontend_ip_configuration_name": "terraformtest-sshIPCfg",
                            "frontend_port": "64001",
                            "id": "/subscriptions/ba2d2a18-74e5-472d-82c4-6793c3e18738/resourceGroups/nosqlgroup/providers/Microsoft.Network/loadBalancers/terraformtest-lb/inboundNatRules/terraformtest-NatRule-0",
                            "loadbalancer_id": "/subscriptions/ba2d2a18-74e5-472d-82c4-6793c3e18738/resourceGroups/nosqlgroup/providers/Microsoft.Network/loadBalancers/terraformtest-lb",
                            "name": "terraformtest-NatRule-0",
                            "protocol": "Tcp",
                            "resource_group_name": "nosqlgroup"
                        },
                        "meta": {},
                        "tainted": false
                    },
                    "deposed": [],
                    "provider": "provider.azurerm"
                },
                "azurerm_lb_nat_rule.NatRule0.1": {
                    "type": "azurerm_lb_nat_rule",
                    "depends_on": [
                        "azurerm_lb.lb",
                        "azurerm_resource_group.rg"
                    ],
                    "primary": {
                        "id": "/subscriptions/ba2d2a18-74e5-472d-82c4-6793c3e18738/resourceGroups/nosqlgroup/providers/Microsoft.Network/loadBalancers/terraformtest-lb/inboundNatRules/terraformtest-NatRule-1",
                        "attributes": {
                            "backend_port": "22",
                            "enable_floating_ip": "false",
                            "frontend_ip_configuration_id": "/subscriptions/ba2d2a18-74e5-472d-82c4-6793c3e18738/resourceGroups/nosqlgroup/providers/Microsoft.Network/loadBalancers/terraformtest-lb/frontendIPConfigurations/terraformtest-sshIPCfg",
                            "frontend_ip_configuration_name": "terraformtest-sshIPCfg",
                            "frontend_port": "64002",
                            "id": "/subscriptions/ba2d2a18-74e5-472d-82c4-6793c3e18738/resourceGroups/nosqlgroup/providers/Microsoft.Network/loadBalancers/terraformtest-lb/inboundNatRules/terraformtest-NatRule-1",
                            "loadbalancer_id": "/subscriptions/ba2d2a18-74e5-472d-82c4-6793c3e18738/resourceGroups/nosqlgroup/providers/Microsoft.Network/loadBalancers/terraformtest-lb",
                            "name": "terraformtest-NatRule-1",
                            "protocol": "Tcp",
                            "resource_group_name": "nosqlgroup"
                        },
                        "meta": {},
                        "tainted": false
                    },
                    "deposed": [],
                    "provider": "provider.azurerm"
                },
                "azurerm_lb_nat_rule.ProbeNatRule0.0": {
                    "type": "azurerm_lb_nat_rule",
                    "depends_on": [
                        "azurerm_lb.lb",
                        "azurerm_resource_group.rg"
                    ],
                    "primary": {
                        "id": "/subscriptions/ba2d2a18-74e5-472d-82c4-6793c3e18738/resourceGroups/nosqlgroup/providers/Microsoft.Network/loadBalancers/terraformtest-lb/inboundNatRules/terraformtest-ProbeNatRule-0",
                        "attributes": {
                            "backend_port": "9200",
                            "enable_floating_ip": "false",
                            "frontend_ip_configuration_id": "/subscriptions/ba2d2a18-74e5-472d-82c4-6793c3e18738/resourceGroups/nosqlgroup/providers/Microsoft.Network/loadBalancers/terraformtest-lb/frontendIPConfigurations/terraformtest-sshIPCfg",
                            "frontend_ip_configuration_name": "terraformtest-sshIPCfg",
                            "frontend_port": "9200",
                            "id": "/subscriptions/ba2d2a18-74e5-472d-82c4-6793c3e18738/resourceGroups/nosqlgroup/providers/Microsoft.Network/loadBalancers/terraformtest-lb/inboundNatRules/terraformtest-ProbeNatRule-0",
                            "loadbalancer_id": "/subscriptions/ba2d2a18-74e5-472d-82c4-6793c3e18738/resourceGroups/nosqlgroup/providers/Microsoft.Network/loadBalancers/terraformtest-lb",
                            "name": "terraformtest-ProbeNatRule-0",
                            "protocol": "Tcp",
                            "resource_group_name": "nosqlgroup"
                        },
                        "meta": {},
                        "tainted": false
                    },
                    "deposed": [],
                    "provider": "provider.azurerm"
                },
                "azurerm_lb_nat_rule.ProbeNatRule0.1": {
                    "type": "azurerm_lb_nat_rule",
                    "depends_on": [
                        "azurerm_lb.lb",
                        "azurerm_resource_group.rg"
                    ],
                    "primary": {
                        "id": "/subscriptions/ba2d2a18-74e5-472d-82c4-6793c3e18738/resourceGroups/nosqlgroup/providers/Microsoft.Network/loadBalancers/terraformtest-lb/inboundNatRules/terraformtest-ProbeNatRule-1",
                        "attributes": {
                            "backend_port": "9200",
                            "enable_floating_ip": "false",
                            "frontend_ip_configuration_id": "/subscriptions/ba2d2a18-74e5-472d-82c4-6793c3e18738/resourceGroups/nosqlgroup/providers/Microsoft.Network/loadBalancers/terraformtest-lb/frontendIPConfigurations/terraformtest-sshIPCfg",
                            "frontend_ip_configuration_name": "terraformtest-sshIPCfg",
                            "frontend_port": "9201",
                            "id": "/subscriptions/ba2d2a18-74e5-472d-82c4-6793c3e18738/resourceGroups/nosqlgroup/providers/Microsoft.Network/loadBalancers/terraformtest-lb/inboundNatRules/terraformtest-ProbeNatRule-1",
                            "loadbalancer_id": "/subscriptions/ba2d2a18-74e5-472d-82c4-6793c3e18738/resourceGroups/nosqlgroup/providers/Microsoft.Network/loadBalancers/terraformtest-lb",
                            "name": "terraformtest-ProbeNatRule-1",
                            "protocol": "Tcp",
                            "resource_group_name": "nosqlgroup"
                        },
                        "meta": {},
                        "tainted": false
                    },
                    "deposed": [],
                    "provider": "provider.azurerm"
                },
                "azurerm_network_interface.nic.0": {
                    "type": "azurerm_network_interface",
                    "depends_on": [
                        "azurerm_lb.lb",
                        "azurerm_lb_backend_address_pool.backend_pool",
                        "azurerm_lb_nat_rule.MySQLNatRule0.*",
                        "azurerm_lb_nat_rule.NatRule0.*",
                        "azurerm_lb_nat_rule.ProbeNatRule0.*",
                        "azurerm_network_security_group.nsg",
                        "azurerm_public_ip.pip",
                        "azurerm_resource_group.rg",
                        "azurerm_subnet.db_subnet",
                        "azurerm_virtual_network.vnet"
                    ],
                    "primary": {
                        "id": "/subscriptions/ba2d2a18-74e5-472d-82c4-6793c3e18738/resourceGroups/nosqlgroup/providers/Microsoft.Network/networkInterfaces/nic0",
                        "attributes": {
                            "applied_dns_servers.#": "0",
                            "dns_servers.#": "0",
                            "enable_accelerated_networking": "false",
                            "enable_ip_forwarding": "false",
                            "id": "/subscriptions/ba2d2a18-74e5-472d-82c4-6793c3e18738/resourceGroups/nosqlgroup/providers/Microsoft.Network/networkInterfaces/nic0",
                            "internal_dns_name_label": "",
                            "internal_fqdn": "",
                            "ip_configuration.#": "1",
                            "ip_configuration.0.application_gateway_backend_address_pools_ids.#": "0",
                            "ip_configuration.0.application_security_group_ids.#": "0",
                            "ip_configuration.0.load_balancer_backend_address_pools_ids.#": "1",
                            "ip_configuration.0.load_balancer_backend_address_pools_ids.3984771606": "/subscriptions/ba2d2a18-74e5-472d-82c4-6793c3e18738/resourceGroups/nosqlgroup/providers/Microsoft.Network/loadBalancers/terraformtest-lb/backendAddressPools/terraformtest-ilbBackendPool",
                            "ip_configuration.0.load_balancer_inbound_nat_rules_ids.#": "3",
                            "ip_configuration.0.load_balancer_inbound_nat_rules_ids.1054342800": "/subscriptions/ba2d2a18-74e5-472d-82c4-6793c3e18738/resourceGroups/nosqlgroup/providers/Microsoft.Network/loadBalancers/terraformtest-lb/inboundNatRules/terraformtest-NatRule-0",
                            "ip_configuration.0.load_balancer_inbound_nat_rules_ids.2554840799": "/subscriptions/ba2d2a18-74e5-472d-82c4-6793c3e18738/resourceGroups/nosqlgroup/providers/Microsoft.Network/loadBalancers/terraformtest-lb/inboundNatRules/terraformtest-MySQLNatRule-0",
                            "ip_configuration.0.load_balancer_inbound_nat_rules_ids.3173338057": "/subscriptions/ba2d2a18-74e5-472d-82c4-6793c3e18738/resourceGroups/nosqlgroup/providers/Microsoft.Network/loadBalancers/terraformtest-lb/inboundNatRules/terraformtest-ProbeNatRule-0",
                            "ip_configuration.0.name": "ipconfig0",
                            "ip_configuration.0.primary": "true",
                            "ip_configuration.0.private_ip_address": "10.0.1.4",
                            "ip_configuration.0.private_ip_address_allocation": "static",
                            "ip_configuration.0.public_ip_address_id": "",
                            "ip_configuration.0.subnet_id": "/subscriptions/ba2d2a18-74e5-472d-82c4-6793c3e18738/resourceGroups/nosqlgroup/providers/Microsoft.Network/virtualNetworks/mysqlvnet/subnets/default",
                            "location": "southcentralus",
                            "mac_address": "",
                            "name": "nic0",
                            "network_security_group_id": "/subscriptions/ba2d2a18-74e5-472d-82c4-6793c3e18738/resourceGroups/nosqlgroup/providers/Microsoft.Network/networkSecurityGroups/iggy-nsg",
                            "private_ip_address": "10.0.1.4",
                            "private_ip_addresses.#": "1",
                            "private_ip_addresses.0": "10.0.1.4",
                            "resource_group_name": "nosqlgroup",
                            "tags.%": "0"
                        },
                        "meta": {},
                        "tainted": false
                    },
                    "deposed": [],
                    "provider": "provider.azurerm"
                },
                "azurerm_network_interface.nic.1": {
                    "type": "azurerm_network_interface",
                    "depends_on": [
                        "azurerm_lb.lb",
                        "azurerm_lb_backend_address_pool.backend_pool",
                        "azurerm_lb_nat_rule.MySQLNatRule0.*",
                        "azurerm_lb_nat_rule.NatRule0.*",
                        "azurerm_lb_nat_rule.ProbeNatRule0.*",
                        "azurerm_network_security_group.nsg",
                        "azurerm_public_ip.pip",
                        "azurerm_resource_group.rg",
                        "azurerm_subnet.db_subnet",
                        "azurerm_virtual_network.vnet"
                    ],
                    "primary": {
                        "id": "/subscriptions/ba2d2a18-74e5-472d-82c4-6793c3e18738/resourceGroups/nosqlgroup/providers/Microsoft.Network/networkInterfaces/nic1",
                        "attributes": {
                            "applied_dns_servers.#": "0",
                            "dns_servers.#": "0",
                            "enable_accelerated_networking": "false",
                            "enable_ip_forwarding": "false",
                            "id": "/subscriptions/ba2d2a18-74e5-472d-82c4-6793c3e18738/resourceGroups/nosqlgroup/providers/Microsoft.Network/networkInterfaces/nic1",
                            "internal_dns_name_label": "",
                            "internal_fqdn": "",
                            "ip_configuration.#": "1",
                            "ip_configuration.0.application_gateway_backend_address_pools_ids.#": "0",
                            "ip_configuration.0.application_security_group_ids.#": "0",
                            "ip_configuration.0.load_balancer_backend_address_pools_ids.#": "1",
                            "ip_configuration.0.load_balancer_backend_address_pools_ids.3984771606": "/subscriptions/ba2d2a18-74e5-472d-82c4-6793c3e18738/resourceGroups/nosqlgroup/providers/Microsoft.Network/loadBalancers/terraformtest-lb/backendAddressPools/terraformtest-ilbBackendPool",
                            "ip_configuration.0.load_balancer_inbound_nat_rules_ids.#": "3",
                            "ip_configuration.0.load_balancer_inbound_nat_rules_ids.1238420998": "/subscriptions/ba2d2a18-74e5-472d-82c4-6793c3e18738/resourceGroups/nosqlgroup/providers/Microsoft.Network/loadBalancers/terraformtest-lb/inboundNatRules/terraformtest-NatRule-1",
                            "ip_configuration.0.load_balancer_inbound_nat_rules_ids.3391257439": "/subscriptions/ba2d2a18-74e5-472d-82c4-6793c3e18738/resourceGroups/nosqlgroup/providers/Microsoft.Network/loadBalancers/terraformtest-lb/inboundNatRules/terraformtest-ProbeNatRule-1",
                            "ip_configuration.0.load_balancer_inbound_nat_rules_ids.4014011977": "/subscriptions/ba2d2a18-74e5-472d-82c4-6793c3e18738/resourceGroups/nosqlgroup/providers/Microsoft.Network/loadBalancers/terraformtest-lb/inboundNatRules/terraformtest-MySQLNatRule-1",
                            "ip_configuration.0.name": "ipconfig1",
                            "ip_configuration.0.primary": "true",
                            "ip_configuration.0.private_ip_address": "10.0.1.5",
                            "ip_configuration.0.private_ip_address_allocation": "static",
                            "ip_configuration.0.public_ip_address_id": "",
                            "ip_configuration.0.subnet_id": "/subscriptions/ba2d2a18-74e5-472d-82c4-6793c3e18738/resourceGroups/nosqlgroup/providers/Microsoft.Network/virtualNetworks/mysqlvnet/subnets/default",
                            "location": "southcentralus",
                            "mac_address": "",
                            "name": "nic1",
                            "network_security_group_id": "/subscriptions/ba2d2a18-74e5-472d-82c4-6793c3e18738/resourceGroups/nosqlgroup/providers/Microsoft.Network/networkSecurityGroups/iggy-nsg",
                            "private_ip_address": "10.0.1.5",
                            "private_ip_addresses.#": "1",
                            "private_ip_addresses.0": "10.0.1.5",
                            "resource_group_name": "nosqlgroup",
                            "tags.%": "0"
                        },
                        "meta": {},
                        "tainted": false
                    },
                    "deposed": [],
                    "provider": "provider.azurerm"
                },
                "azurerm_network_security_group.nsg": {
                    "type": "azurerm_network_security_group",
                    "depends_on": [
                        "azurerm_resource_group.rg"
                    ],
                    "primary": {
                        "id": "/subscriptions/ba2d2a18-74e5-472d-82c4-6793c3e18738/resourceGroups/nosqlgroup/providers/Microsoft.Network/networkSecurityGroups/iggy-nsg",
                        "attributes": {
                            "id": "/subscriptions/ba2d2a18-74e5-472d-82c4-6793c3e18738/resourceGroups/nosqlgroup/providers/Microsoft.Network/networkSecurityGroups/iggy-nsg",
                            "location": "southcentralus",
                            "name": "iggy-nsg",
                            "resource_group_name": "nosqlgroup",
                            "security_rule.#": "2",
                            "security_rule.1856726654.access": "Allow",
                            "security_rule.1856726654.description": "MySQL",
                            "security_rule.1856726654.destination_address_prefix": "*",
                            "security_rule.1856726654.destination_address_prefixes.#": "0",
                            "security_rule.1856726654.destination_application_security_group_ids.#": "0",
                            "security_rule.1856726654.destination_port_range": "3306",
                            "security_rule.1856726654.destination_port_ranges.#": "0",
                            "security_rule.1856726654.direction": "Inbound",
                            "security_rule.1856726654.name": "MySQL",
                            "security_rule.1856726654.priority": "110",
                            "security_rule.1856726654.protocol": "Tcp",
                            "security_rule.1856726654.source_address_prefix": "*",
                            "security_rule.1856726654.source_address_prefixes.#": "0",
                            "security_rule.1856726654.source_application_security_group_ids.#": "0",
                            "security_rule.1856726654.source_port_range": "*",
                            "security_rule.1856726654.source_port_ranges.#": "0",
                            "security_rule.3755000400.access": "Allow",
                            "security_rule.3755000400.description": "Allow SSH",
                            "security_rule.3755000400.destination_address_prefix": "*",
                            "security_rule.3755000400.destination_address_prefixes.#": "0",
                            "security_rule.3755000400.destination_application_security_group_ids.#": "0",
                            "security_rule.3755000400.destination_port_range": "22",
                            "security_rule.3755000400.destination_port_ranges.#": "0",
                            "security_rule.3755000400.direction": "Inbound",
                            "security_rule.3755000400.name": "allow-ssh",
                            "security_rule.3755000400.priority": "100",
                            "security_rule.3755000400.protocol": "Tcp",
                            "security_rule.3755000400.source_address_prefix": "Internet",
                            "security_rule.3755000400.source_address_prefixes.#": "0",
                            "security_rule.3755000400.source_application_security_group_ids.#": "0",
                            "security_rule.3755000400.source_port_range": "*",
                            "security_rule.3755000400.source_port_ranges.#": "0",
                            "tags.%": "0"
                        },
                        "meta": {},
                        "tainted": false
                    },
                    "deposed": [],
                    "provider": "provider.azurerm"
                },
                "azurerm_public_ip.pip": {
                    "type": "azurerm_public_ip",
                    "depends_on": [
                        "azurerm_resource_group.rg"
                    ],
                    "primary": {
                        "id": "/subscriptions/ba2d2a18-74e5-472d-82c4-6793c3e18738/resourceGroups/nosqlgroup/providers/Microsoft.Network/publicIPAddresses/mysqlIP01",
                        "attributes": {
                            "domain_name_label": "terraformtest",
                            "fqdn": "terraformtest.southcentralus.cloudapp.azure.com",
                            "id": "/subscriptions/ba2d2a18-74e5-472d-82c4-6793c3e18738/resourceGroups/nosqlgroup/providers/Microsoft.Network/publicIPAddresses/mysqlIP01",
                            "ip_address": "40.124.3.123",
                            "location": "southcentralus",
                            "name": "mysqlIP01",
                            "public_ip_address_allocation": "static",
                            "resource_group_name": "nosqlgroup",
                            "sku": "Basic",
                            "tags.%": "0",
                            "zones.#": "0"
                        },
                        "meta": {},
                        "tainted": false
                    },
                    "deposed": [],
                    "provider": "provider.azurerm"
                },
                "azurerm_resource_group.rg": {
                    "type": "azurerm_resource_group",
                    "depends_on": [],
                    "primary": {
                        "id": "/subscriptions/ba2d2a18-74e5-472d-82c4-6793c3e18738/resourceGroups/nosqlgroup",
                        "attributes": {
                            "id": "/subscriptions/ba2d2a18-74e5-472d-82c4-6793c3e18738/resourceGroups/nosqlgroup",
                            "location": "southcentralus",
                            "name": "nosqlgroup",
                            "tags.%": "0"
                        },
                        "meta": {},
                        "tainted": false
                    },
                    "deposed": [],
                    "provider": "provider.azurerm"
                },
                "azurerm_storage_account.stor": {
                    "type": "azurerm_storage_account",
                    "depends_on": [
                        "azurerm_resource_group.rg"
                    ],
                    "primary": {
                        "id": "/subscriptions/ba2d2a18-74e5-472d-82c4-6793c3e18738/resourceGroups/nosqlgroup/providers/Microsoft.Storage/storageAccounts/iggystoragesa",
                        "attributes": {
                            "access_tier": "",
                            "account_encryption_source": "Microsoft.Storage",
                            "account_kind": "Storage",
                            "account_replication_type": "LRS",
                            "account_tier": "Standard",
                            "account_type": "Standard_LRS",
                            "enable_blob_encryption": "true",
                            "enable_file_encryption": "true",
                            "enable_https_traffic_only": "false",
                            "id": "/subscriptions/ba2d2a18-74e5-472d-82c4-6793c3e18738/resourceGroups/nosqlgroup/providers/Microsoft.Storage/storageAccounts/iggystoragesa",
                            "location": "southcentralus",
                            "name": "iggystoragesa",
                            "primary_access_key": "i7O0w24AvjU5cpCFXx/pU2HCDDZEqVUni2tdm2zTi1sJP/pfkWdMKnYybFmVh/EkmlvoBDcRpPy27Vod8CaMQg==",
                            "primary_blob_connection_string": "DefaultEndpointsProtocol=https;BlobEndpoint=https://iggystoragesa.blob.core.windows.net/;AccountName=iggystoragesa;AccountKey=i7O0w24AvjU5cpCFXx/pU2HCDDZEqVUni2tdm2zTi1sJP/pfkWdMKnYybFmVh/EkmlvoBDcRpPy27Vod8CaMQg==",
                            "primary_blob_endpoint": "https://iggystoragesa.blob.core.windows.net/",
                            "primary_connection_string": "DefaultEndpointsProtocol=https;AccountName=iggystoragesa;AccountKey=i7O0w24AvjU5cpCFXx/pU2HCDDZEqVUni2tdm2zTi1sJP/pfkWdMKnYybFmVh/EkmlvoBDcRpPy27Vod8CaMQg==;EndpointSuffix=core.windows.net",
                            "primary_file_endpoint": "https://iggystoragesa.file.core.windows.net/",
                            "primary_location": "southcentralus",
                            "primary_queue_endpoint": "https://iggystoragesa.queue.core.windows.net/",
                            "primary_table_endpoint": "https://iggystoragesa.table.core.windows.net/",
                            "resource_group_name": "nosqlgroup",
                            "secondary_access_key": "kYOhXy7ussJpN+KDLF6iTCF0EGDdpkXsU0D6njrDteMX6ViX70Ey8SSAjsCdKDccnrOG11BMPbF9tKTaBL/6Mw==",
                            "secondary_connection_string": "DefaultEndpointsProtocol=https;AccountName=iggystoragesa;AccountKey=kYOhXy7ussJpN+KDLF6iTCF0EGDdpkXsU0D6njrDteMX6ViX70Ey8SSAjsCdKDccnrOG11BMPbF9tKTaBL/6Mw==;EndpointSuffix=core.windows.net",
                            "secondary_location": "",
                            "tags.%": "0"
                        },
                        "meta": {
                            "schema_version": "2"
                        },
                        "tainted": false
                    },
                    "deposed": [],
                    "provider": "provider.azurerm"
                },
                "azurerm_subnet.db_subnet": {
                    "type": "azurerm_subnet",
                    "depends_on": [
                        "azurerm_network_security_group.nsg",
                        "azurerm_resource_group.rg",
                        "azurerm_virtual_network.vnet"
                    ],
                    "primary": {
                        "id": "/subscriptions/ba2d2a18-74e5-472d-82c4-6793c3e18738/resourceGroups/nosqlgroup/providers/Microsoft.Network/virtualNetworks/mysqlvnet/subnets/default",
                        "attributes": {
                            "address_prefix": "10.0.1.0/24",
                            "id": "/subscriptions/ba2d2a18-74e5-472d-82c4-6793c3e18738/resourceGroups/nosqlgroup/providers/Microsoft.Network/virtualNetworks/mysqlvnet/subnets/default",
                            "ip_configurations.#": "0",
                            "name": "default",
                            "network_security_group_id": "/subscriptions/ba2d2a18-74e5-472d-82c4-6793c3e18738/resourceGroups/nosqlgroup/providers/Microsoft.Network/networkSecurityGroups/iggy-nsg",
                            "resource_group_name": "nosqlgroup",
                            "service_endpoints.#": "0",
                            "virtual_network_name": "mysqlvnet"
                        },
                        "meta": {},
                        "tainted": false
                    },
                    "deposed": [],
                    "provider": "provider.azurerm"
                },
                "azurerm_template_deployment.website": {
                    "type": "azurerm_template_deployment",
                    "depends_on": [
                        "azurerm_resource_group.rg",
                        "azurerm_virtual_machine_extension.setup_mysql"
                    ],
                    "primary": {
                        "id": "/subscriptions/ba2d2a18-74e5-472d-82c4-6793c3e18738/resourceGroups/nosqlgroup/providers/Microsoft.Resources/deployments/website",
                        "attributes": {
                            "deployment_mode": "Incremental",
                            "id": "/subscriptions/ba2d2a18-74e5-472d-82c4-6793c3e18738/resourceGroups/nosqlgroup/providers/Microsoft.Resources/deployments/website",
                            "name": "website",
                            "outputs.%": "0",
                            "resource_group_name": "nosqlgroup",
                            "template_body": "{\"$schema\":\"http://schema.management.azure.com/schemas/2014-04-01-preview/deploymentTemplate.json#\",\"contentVersion\":\"1.0.0.0\",\"parameters\":{\"dbAdminPassword\":{\"defaultValue\":\"rootX1Y2Z3\",\"type\":\"string\"},\"dbName\":{\"defaultValue\":\"iggywordpress\",\"type\":\"string\"},\"dbServer\":{\"defaultValue\":\"terraformtest.southcentralus.cloudapp.azure.com:3306\",\"type\":\"string\"},\"hostingPlanName\":{\"defaultValue\":\"planname\",\"type\":\"string\"},\"siteName\":{\"defaultValue\":\"wpsitename\",\"type\":\"string\"},\"sku\":{\"allowedValues\":[\"Free\",\"Shared\",\"Basic\",\"Standard\",\"Premium\"],\"defaultValue\":\"Standard\",\"type\":\"string\"},\"workerSize\":{\"allowedValues\":[\"0\",\"1\",\"2\"],\"defaultValue\":\"1\",\"type\":\"string\"}},\"resources\":[{\"apiVersion\":\"2014-06-01\",\"location\":\"[resourceGroup().location]\",\"name\":\"[variables('hostingPlanName')]\",\"properties\":{\"hostingEnvironment\":\"\",\"name\":\"[variables('hostingPlanName')]\",\"numberOfWorkers\":0,\"sku\":\"[variables('sku')]\",\"workerSize\":\"[variables('workerSize')]\"},\"type\":\"Microsoft.Web/serverfarms\"},{\"apiVersion\":\"2015-02-01\",\"dependsOn\":[\"[concat('Microsoft.Web/serverfarms/', variables('hostingPlanName'))]\"],\"location\":\"[resourceGroup().location]\",\"name\":\"[parameters('siteName')]\",\"properties\":{\"hostingEnvironment\":\"\",\"name\":\"[parameters('siteName')]\",\"serverFarmId\":\"[concat('/subscriptions/', subscription().subscriptionId,'/resourcegroups/', resourceGroup().name, '/providers/Microsoft.Web/serverfarms/', variables('hostingPlanName'))]\"},\"resources\":[{\"apiVersion\":\"2015-04-01\",\"dependsOn\":[\"[concat('Microsoft.Web/Sites/', parameters('siteName'))]\"],\"name\":\"connectionstrings\",\"properties\":{\"defaultConnection\":{\"type\":\"MySQL\",\"value\":\"[variables('connectionString')]\"}},\"type\":\"config\"},{\"apiVersion\":\"2015-04-01\",\"dependsOn\":[\"[concat('Microsoft.Web/Sites/', parameters('siteName'))]\"],\"name\":\"web\",\"properties\":{\"phpVersion\":\"5.6\"},\"type\":\"config\"},{\"apiVersion\":\"2015-08-01\",\"dependsOn\":[\"[resourceId('Microsoft.Web/Sites', parameters('siteName'))]\",\"[concat('Microsoft.Web/Sites/', parameters('siteName'), '/config/connectionstrings')]\",\"[concat('Microsoft.Web/Sites/', parameters('siteName'), '/config/web')]\"],\"name\":\"web\",\"properties\":{\"IsManualIntegration\":true,\"RepoUrl\":\"[variables('repoUrl')]\",\"branch\":\"[variables('branch')]\"},\"type\":\"sourcecontrols\"}],\"tags\":{\"[concat('hidden-related:', '/subscriptions/', subscription().subscriptionId,'/resourcegroups/', resourceGroup().name, '/providers/Microsoft.Web/serverfarms/', variables('hostingPlanName'))]\":\"empty\"},\"type\":\"Microsoft.Web/sites\"}],\"variables\":{\"branch\":\"master\",\"connectionString\":\"[concat('Database=', parameters('dbName'), ';Data Source=', parameters('dbServer'), ';User Id=admin;Password=', parameters('dbAdminPassword'))]\",\"hostingPlanName\":\"[parameters('hostingPlanName')]\",\"repoUrl\":\"https://github.com/azureappserviceoss/wordpress-azure\",\"sku\":\"[parameters('sku')]\",\"workerSize\":\"[parameters('workerSize')]\"}}"
                        },
                        "meta": {},
                        "tainted": false
                    },
                    "deposed": [],
                    "provider": "provider.azurerm"
                },
                "azurerm_virtual_machine.vm.0": {
                    "type": "azurerm_virtual_machine",
                    "depends_on": [
                        "azurerm_availability_set.availability_set",
                        "azurerm_network_interface.nic",
                        "azurerm_network_interface.nic.*",
                        "azurerm_resource_group.rg",
                        "azurerm_storage_account.stor"
                    ],
                    "primary": {
                        "id": "/subscriptions/ba2d2a18-74e5-472d-82c4-6793c3e18738/resourceGroups/nosqlgroup/providers/Microsoft.Compute/virtualMachines/terraformtest0",
                        "attributes": {
                            "availability_set_id": "/subscriptions/ba2d2a18-74e5-472d-82c4-6793c3e18738/resourcegroups/nosqlgroup/providers/microsoft.compute/availabilitysets/terraformtest-set",
                            "delete_data_disks_on_termination": "false",
                            "delete_os_disk_on_termination": "false",
                            "id": "/subscriptions/ba2d2a18-74e5-472d-82c4-6793c3e18738/resourceGroups/nosqlgroup/providers/Microsoft.Compute/virtualMachines/terraformtest0",
                            "identity.#": "0",
                            "location": "southcentralus",
                            "name": "terraformtest0",
                            "network_interface_ids.#": "1",
                            "network_interface_ids.0": "/subscriptions/ba2d2a18-74e5-472d-82c4-6793c3e18738/resourceGroups/nosqlgroup/providers/Microsoft.Network/networkInterfaces/nic0",
                            "os_profile.#": "1",
                            "os_profile.1763979542.admin_password": "",
                            "os_profile.1763979542.admin_username": "iggyadmin",
                            "os_profile.1763979542.computer_name": "terraformtest0",
                            "os_profile.1763979542.custom_data": "",
                            "os_profile_linux_config.#": "1",
                            "os_profile_linux_config.2972667452.disable_password_authentication": "false",
                            "os_profile_linux_config.2972667452.ssh_keys.#": "0",
                            "os_profile_secrets.#": "0",
                            "resource_group_name": "nosqlgroup",
                            "storage_data_disk.#": "2",
                            "storage_data_disk.0.caching": "None",
                            "storage_data_disk.0.create_option": "Empty",
                            "storage_data_disk.0.disk_size_gb": "1000",
                            "storage_data_disk.0.lun": "0",
                            "storage_data_disk.0.managed_disk_id": "",
                            "storage_data_disk.0.managed_disk_type": "",
                            "storage_data_disk.0.name": "datadisk1",
                            "storage_data_disk.0.vhd_uri": "https://iggystoragesa.blob.core.windows.net/vhds/terraformtest0-datadisk1.vhd",
                            "storage_data_disk.1.caching": "None",
                            "storage_data_disk.1.create_option": "Empty",
                            "storage_data_disk.1.disk_size_gb": "1000",
                            "storage_data_disk.1.lun": "1",
                            "storage_data_disk.1.managed_disk_id": "",
                            "storage_data_disk.1.managed_disk_type": "",
                            "storage_data_disk.1.name": "datadisk2",
                            "storage_data_disk.1.vhd_uri": "https://iggystoragesa.blob.core.windows.net/vhds/terraformtest0-datadisk2.vhd",
                            "storage_image_reference.#": "1",
                            "storage_image_reference.4264750997.id": "",
                            "storage_image_reference.4264750997.offer": "CentOS",
                            "storage_image_reference.4264750997.publisher": "OpenLogic",
                            "storage_image_reference.4264750997.sku": "6.5",
                            "storage_image_reference.4264750997.version": "latest",
                            "storage_os_disk.#": "1",
                            "storage_os_disk.0.caching": "ReadWrite",
                            "storage_os_disk.0.create_option": "FromImage",
                            "storage_os_disk.0.disk_size_gb": "30",
                            "storage_os_disk.0.image_uri": "",
                            "storage_os_disk.0.managed_disk_id": "",
                            "storage_os_disk.0.managed_disk_type": "",
                            "storage_os_disk.0.name": "osdisk0",
                            "storage_os_disk.0.os_type": "Linux",
                            "storage_os_disk.0.vhd_uri": "https://iggystoragesa.blob.core.windows.net/vhds/terraformtest0-osdisk.vhd",
                            "tags.%": "0",
                            "vm_size": "Standard_D2",
                            "zones.#": "0"
                        },
                        "meta": {},
                        "tainted": false
                    },
                    "deposed": [],
                    "provider": "provider.azurerm"
                },
                "azurerm_virtual_machine.vm.1": {
                    "type": "azurerm_virtual_machine",
                    "depends_on": [
                        "azurerm_availability_set.availability_set",
                        "azurerm_network_interface.nic",
                        "azurerm_network_interface.nic.*",
                        "azurerm_resource_group.rg",
                        "azurerm_storage_account.stor"
                    ],
                    "primary": {
                        "id": "/subscriptions/ba2d2a18-74e5-472d-82c4-6793c3e18738/resourceGroups/nosqlgroup/providers/Microsoft.Compute/virtualMachines/terraformtest1",
                        "attributes": {
                            "availability_set_id": "/subscriptions/ba2d2a18-74e5-472d-82c4-6793c3e18738/resourcegroups/nosqlgroup/providers/microsoft.compute/availabilitysets/terraformtest-set",
                            "delete_data_disks_on_termination": "false",
                            "delete_os_disk_on_termination": "false",
                            "id": "/subscriptions/ba2d2a18-74e5-472d-82c4-6793c3e18738/resourceGroups/nosqlgroup/providers/Microsoft.Compute/virtualMachines/terraformtest1",
                            "identity.#": "0",
                            "location": "southcentralus",
                            "name": "terraformtest1",
                            "network_interface_ids.#": "1",
                            "network_interface_ids.0": "/subscriptions/ba2d2a18-74e5-472d-82c4-6793c3e18738/resourceGroups/nosqlgroup/providers/Microsoft.Network/networkInterfaces/nic1",
                            "os_profile.#": "1",
                            "os_profile.1883177047.admin_password": "",
                            "os_profile.1883177047.admin_username": "iggyadmin",
                            "os_profile.1883177047.computer_name": "terraformtest1",
                            "os_profile.1883177047.custom_data": "",
                            "os_profile_linux_config.#": "1",
                            "os_profile_linux_config.2972667452.disable_password_authentication": "false",
                            "os_profile_linux_config.2972667452.ssh_keys.#": "0",
                            "os_profile_secrets.#": "0",
                            "resource_group_name": "nosqlgroup",
                            "storage_data_disk.#": "2",
                            "storage_data_disk.0.caching": "None",
                            "storage_data_disk.0.create_option": "Empty",
                            "storage_data_disk.0.disk_size_gb": "1000",
                            "storage_data_disk.0.lun": "0",
                            "storage_data_disk.0.managed_disk_id": "",
                            "storage_data_disk.0.managed_disk_type": "",
                            "storage_data_disk.0.name": "datadisk1",
                            "storage_data_disk.0.vhd_uri": "https://iggystoragesa.blob.core.windows.net/vhds/terraformtest1-datadisk1.vhd",
                            "storage_data_disk.1.caching": "None",
                            "storage_data_disk.1.create_option": "Empty",
                            "storage_data_disk.1.disk_size_gb": "1000",
                            "storage_data_disk.1.lun": "1",
                            "storage_data_disk.1.managed_disk_id": "",
                            "storage_data_disk.1.managed_disk_type": "",
                            "storage_data_disk.1.name": "datadisk2",
                            "storage_data_disk.1.vhd_uri": "https://iggystoragesa.blob.core.windows.net/vhds/terraformtest1-datadisk2.vhd",
                            "storage_image_reference.#": "1",
                            "storage_image_reference.4264750997.id": "",
                            "storage_image_reference.4264750997.offer": "CentOS",
                            "storage_image_reference.4264750997.publisher": "OpenLogic",
                            "storage_image_reference.4264750997.sku": "6.5",
                            "storage_image_reference.4264750997.version": "latest",
                            "storage_os_disk.#": "1",
                            "storage_os_disk.0.caching": "ReadWrite",
                            "storage_os_disk.0.create_option": "FromImage",
                            "storage_os_disk.0.disk_size_gb": "30",
                            "storage_os_disk.0.image_uri": "",
                            "storage_os_disk.0.managed_disk_id": "",
                            "storage_os_disk.0.managed_disk_type": "",
                            "storage_os_disk.0.name": "osdisk1",
                            "storage_os_disk.0.os_type": "Linux",
                            "storage_os_disk.0.vhd_uri": "https://iggystoragesa.blob.core.windows.net/vhds/terraformtest1-osdisk.vhd",
                            "tags.%": "0",
                            "vm_size": "Standard_D2",
                            "zones.#": "0"
                        },
                        "meta": {},
                        "tainted": false
                    },
                    "deposed": [],
                    "provider": "provider.azurerm"
                },
                "azurerm_virtual_machine_extension.setup_mysql.0": {
                    "type": "azurerm_virtual_machine_extension",
                    "depends_on": [
                        "azurerm_lb_nat_rule.ProbeNatRule0",
                        "azurerm_resource_group.rg",
                        "azurerm_virtual_machine.vm",
                        "azurerm_virtual_machine.vm.*"
                    ],
                    "primary": {
                        "id": "/subscriptions/ba2d2a18-74e5-472d-82c4-6793c3e18738/resourceGroups/nosqlgroup/providers/Microsoft.Compute/virtualMachines/terraformtest0/extensions/terraformtest-0-setupMySQL",
                        "attributes": {
                            "auto_upgrade_minor_version": "true",
                            "id": "/subscriptions/ba2d2a18-74e5-472d-82c4-6793c3e18738/resourceGroups/nosqlgroup/providers/Microsoft.Compute/virtualMachines/terraformtest0/extensions/terraformtest-0-setupMySQL",
                            "location": "southcentralus",
                            "name": "terraformtest-0-setupMySQL",
                            "protected_settings": " {\n   \"commandToExecute\": \"bash azuremysql.sh 1 10.0.1.4 https://raw.githubusercontent.com/Azure/azure-quickstart-templates/master/wordpress-mysql-replication/scripts/my.cnf.template 'replicationX1Y2Z3' 'rootX1Y2Z3' 'probeX1Y2Z3' 10.0.1.4 iggywordpress\"\n }\n",
                            "publisher": "Microsoft.Azure.Extensions",
                            "resource_group_name": "nosqlgroup",
                            "settings": "{\"fileUris\":[\"https://raw.githubusercontent.com/Azure/azure-quickstart-templates/master/wordpress-mysql-replication/scripts/azuremysql.sh\"]}",
                            "tags.%": "0",
                            "type": "CustomScript",
                            "type_handler_version": "2.0",
                            "virtual_machine_name": "terraformtest0"
                        },
                        "meta": {},
                        "tainted": false
                    },
                    "deposed": [],
                    "provider": "provider.azurerm"
                },
                "azurerm_virtual_machine_extension.setup_mysql.1": {
                    "type": "azurerm_virtual_machine_extension",
                    "depends_on": [
                        "azurerm_lb_nat_rule.ProbeNatRule0",
                        "azurerm_resource_group.rg",
                        "azurerm_virtual_machine.vm",
                        "azurerm_virtual_machine.vm.*"
                    ],
                    "primary": {
                        "id": "/subscriptions/ba2d2a18-74e5-472d-82c4-6793c3e18738/resourceGroups/nosqlgroup/providers/Microsoft.Compute/virtualMachines/terraformtest1/extensions/terraformtest-1-setupMySQL",
                        "attributes": {
                            "auto_upgrade_minor_version": "true",
                            "id": "/subscriptions/ba2d2a18-74e5-472d-82c4-6793c3e18738/resourceGroups/nosqlgroup/providers/Microsoft.Compute/virtualMachines/terraformtest1/extensions/terraformtest-1-setupMySQL",
                            "location": "southcentralus",
                            "name": "terraformtest-1-setupMySQL",
                            "protected_settings": " {\n   \"commandToExecute\": \"bash azuremysql.sh 2 10.0.1.5 https://raw.githubusercontent.com/Azure/azure-quickstart-templates/master/wordpress-mysql-replication/scripts/my.cnf.template 'replicationX1Y2Z3' 'rootX1Y2Z3' 'probeX1Y2Z3' 10.0.1.4 iggywordpress\"\n }\n",
                            "publisher": "Microsoft.Azure.Extensions",
                            "resource_group_name": "nosqlgroup",
                            "settings": "{\"fileUris\":[\"https://raw.githubusercontent.com/Azure/azure-quickstart-templates/master/wordpress-mysql-replication/scripts/azuremysql.sh\"]}",
                            "tags.%": "0",
                            "type": "CustomScript",
                            "type_handler_version": "2.0",
                            "virtual_machine_name": "terraformtest1"
                        },
                        "meta": {},
                        "tainted": false
                    },
                    "deposed": [],
                    "provider": "provider.azurerm"
                },
                "azurerm_virtual_network.vnet": {
                    "type": "azurerm_virtual_network",
                    "depends_on": [
                        "azurerm_resource_group.rg"
                    ],
                    "primary": {
                        "id": "/subscriptions/ba2d2a18-74e5-472d-82c4-6793c3e18738/resourceGroups/nosqlgroup/providers/Microsoft.Network/virtualNetworks/mysqlvnet",
                        "attributes": {
                            "address_space.#": "1",
                            "address_space.0": "10.0.0.0/16",
                            "dns_servers.#": "0",
                            "id": "/subscriptions/ba2d2a18-74e5-472d-82c4-6793c3e18738/resourceGroups/nosqlgroup/providers/Microsoft.Network/virtualNetworks/mysqlvnet",
                            "location": "southcentralus",
                            "name": "mysqlvnet",
                            "resource_group_name": "nosqlgroup",
                            "subnet.#": "0",
                            "tags.%": "0"
                        },
                        "meta": {},
                        "tainted": false
                    },
                    "deposed": [],
                    "provider": "provider.azurerm"
                }
            },
            "depends_on": []
        }
    ]
}
