{
    "version": 3,
    "terraform_version": "0.11.13",
    "serial": 2,
    "lineage": "e92ec41a-a0b3-0d2b-22b4-5a63a918c114",
    "modules": [
        {
            "path": [
                "root"
            ],
            "outputs": {
                "instance_ips": {
                    "sensitive": false,
                    "type": "string",
                    "value": "35.244.122.84 35.197.189.46 35.244.90.239"
                },
                "pool_public_ip": {
                    "sensitive": false,
                    "type": "string",
                    "value": "35.244.127.5"
                }
            },
            "resources": {
                "google_compute_firewall.default": {
                    "type": "google_compute_firewall",
                    "depends_on": [],
                    "primary": {
                        "id": "tf-www-firewall",
                        "attributes": {
                            "allow.#": "1",
                            "allow.272637744.ports.#": "1",
                            "allow.272637744.ports.0": "80",
                            "allow.272637744.protocol": "tcp",
                            "creation_timestamp": "2019-06-03T20:35:04.276-07:00",
                            "deny.#": "0",
                            "description": "",
                            "destination_ranges.#": "0",
                            "direction": "INGRESS",
                            "disabled": "false",
                            "id": "tf-www-firewall",
                            "name": "tf-www-firewall",
                            "network": "https://www.googleapis.com/compute/v1/projects/mattraytesting/global/networks/default",
                            "priority": "1000",
                            "project": "mattraytesting",
                            "self_link": "https://www.googleapis.com/compute/v1/projects/mattraytesting/global/firewalls/tf-www-firewall",
                            "source_ranges.#": "1",
                            "source_ranges.1080289494": "0.0.0.0/0",
                            "source_service_accounts.#": "0",
                            "source_tags.#": "0",
                            "target_service_accounts.#": "0",
                            "target_tags.#": "1",
                            "target_tags.1630882000": "www-node"
                        },
                        "meta": {
                            "e2bfb730-ecaa-11e6-8f88-34363bc7c4c0": {
                                "create": 240000000000,
                                "delete": 240000000000,
                                "update": 240000000000
                            },
                            "schema_version": "1"
                        },
                        "tainted": false
                    },
                    "deposed": [],
                    "provider": "provider.google"
                },
                "google_compute_forwarding_rule.default": {
                    "type": "google_compute_forwarding_rule",
                    "depends_on": [
                        "google_compute_target_pool.default"
                    ],
                    "primary": {
                        "id": "tf-www-forwarding-rule",
                        "attributes": {
                            "all_ports": "false",
                            "backend_service": "",
                            "creation_timestamp": "2019-06-03T20:36:43.294-07:00",
                            "description": "",
                            "id": "tf-www-forwarding-rule",
                            "ip_address": "35.244.127.5",
                            "ip_protocol": "TCP",
                            "ip_version": "",
                            "load_balancing_scheme": "EXTERNAL",
                            "name": "tf-www-forwarding-rule",
                            "network": "",
                            "network_tier": "PREMIUM",
                            "port_range": "80-80",
                            "ports.#": "0",
                            "project": "mattraytesting",
                            "region": "australia-southeast1",
                            "self_link": "https://www.googleapis.com/compute/v1/projects/mattraytesting/regions/australia-southeast1/forwardingRules/tf-www-forwarding-rule",
                            "service_label": "",
                            "service_name": "",
                            "subnetwork": "",
                            "target": "https://www.googleapis.com/compute/v1/projects/mattraytesting/regions/australia-southeast1/targetPools/tf-www-target-pool"
                        },
                        "meta": {
                            "e2bfb730-ecaa-11e6-8f88-34363bc7c4c0": {
                                "create": 240000000000,
                                "delete": 240000000000,
                                "update": 240000000000
                            }
                        },
                        "tainted": false
                    },
                    "deposed": [],
                    "provider": "provider.google"
                },
                "google_compute_http_health_check.default": {
                    "type": "google_compute_http_health_check",
                    "depends_on": [],
                    "primary": {
                        "id": "tf-www-basic-check",
                        "attributes": {
                            "check_interval_sec": "1",
                            "creation_timestamp": "2019-06-03T20:35:04.123-07:00",
                            "description": "",
                            "healthy_threshold": "1",
                            "host": "",
                            "id": "tf-www-basic-check",
                            "name": "tf-www-basic-check",
                            "port": "80",
                            "project": "mattraytesting",
                            "request_path": "/",
                            "self_link": "https://www.googleapis.com/compute/v1/projects/mattraytesting/global/httpHealthChecks/tf-www-basic-check",
                            "timeout_sec": "1",
                            "unhealthy_threshold": "10"
                        },
                        "meta": {
                            "e2bfb730-ecaa-11e6-8f88-34363bc7c4c0": {
                                "create": 240000000000,
                                "delete": 240000000000,
                                "update": 240000000000
                            }
                        },
                        "tainted": false
                    },
                    "deposed": [],
                    "provider": "provider.google"
                },
                "google_compute_instance.www.0": {
                    "type": "google_compute_instance",
                    "depends_on": [],
                    "primary": {
                        "id": "tf-www-0",
                        "attributes": {
                            "attached_disk.#": "0",
                            "boot_disk.#": "1",
                            "boot_disk.0.auto_delete": "true",
                            "boot_disk.0.device_name": "persistent-disk-0",
                            "boot_disk.0.disk_encryption_key_raw": "",
                            "boot_disk.0.disk_encryption_key_sha256": "",
                            "boot_disk.0.initialize_params.#": "1",
                            "boot_disk.0.initialize_params.0.image": "https://www.googleapis.com/compute/v1/projects/ubuntu-os-cloud/global/images/ubuntu-1404-trusty-v20160602",
                            "boot_disk.0.initialize_params.0.size": "10",
                            "boot_disk.0.initialize_params.0.type": "pd-standard",
                            "boot_disk.0.kms_key_self_link": "",
                            "boot_disk.0.source": "https://www.googleapis.com/compute/v1/projects/mattraytesting/zones/australia-southeast1-c/disks/tf-www-0",
                            "can_ip_forward": "false",
                            "cpu_platform": "Intel Broadwell",
                            "deletion_protection": "false",
                            "guest_accelerator.#": "0",
                            "hostname": "",
                            "id": "tf-www-0",
                            "instance_id": "5542718399334340614",
                            "label_fingerprint": "42WmSpB8rSM=",
                            "labels.%": "0",
                            "machine_type": "f1-micro",
                            "metadata.%": "1",
                            "metadata.ssh-keys": "root:ssh-rsa AAAAB3NzaC1yc2EAAAADAQABAAABAQCy63wpqfH1kG9v5UKqAW4koixkwPK9B0k2Z0ph1nmyaAaGeYj+gQvGHPvL5SGCi1umxz827VbLtnn5LV71p+Ix5jZ3r499nu1UiXUK8iI9GXpItd1u4iUTRREBa6JxfW5QZyf19eROJLnns1+rYhiP2Rolxm2amR/k1IXsd99D97WEXV8LBrDxi9vo57kn/Z58F0nCuUAxedWtHyQt+7sOev9WFNtfgEFiB8rsEfUuKG2GsMU/aKD9l7xkiWcIY73HNUmhOfzKxWetC4+dlZoDCVGcViR45pgl1/jQsIwa3SnYRObojXZ82HUI9X8tEKcno8S4bTEeixA1ntg0HFuh mattray@clamps.bottlebru.sh\n",
                            "metadata_fingerprint": "pTYYj6-uBMU=",
                            "metadata_startup_script": "",
                            "min_cpu_platform": "",
                            "name": "tf-www-0",
                            "network_interface.#": "1",
                            "network_interface.0.access_config.#": "1",
                            "network_interface.0.access_config.0.assigned_nat_ip": "",
                            "network_interface.0.access_config.0.nat_ip": "35.244.122.84",
                            "network_interface.0.access_config.0.network_tier": "PREMIUM",
                            "network_interface.0.access_config.0.public_ptr_domain_name": "",
                            "network_interface.0.address": "",
                            "network_interface.0.alias_ip_range.#": "0",
                            "network_interface.0.name": "nic0",
                            "network_interface.0.network": "https://www.googleapis.com/compute/v1/projects/mattraytesting/global/networks/default",
                            "network_interface.0.network_ip": "10.152.0.2",
                            "network_interface.0.subnetwork": "https://www.googleapis.com/compute/v1/projects/mattraytesting/regions/australia-southeast1/subnetworks/default",
                            "network_interface.0.subnetwork_project": "mattraytesting",
                            "project": "mattraytesting",
                            "scheduling.#": "1",
                            "scheduling.0.automatic_restart": "true",
                            "scheduling.0.node_affinities.#": "0",
                            "scheduling.0.on_host_maintenance": "MIGRATE",
                            "scheduling.0.preemptible": "false",
                            "scratch_disk.#": "0",
                            "self_link": "https://www.googleapis.com/compute/v1/projects/mattraytesting/zones/australia-southeast1-c/instances/tf-www-0",
                            "service_account.#": "1",
                            "service_account.0.email": "509781767191-compute@developer.gserviceaccount.com",
                            "service_account.0.scopes.#": "1",
                            "service_account.0.scopes.2862113455": "https://www.googleapis.com/auth/compute.readonly",
                            "shielded_instance_config.#": "0",
                            "tags.#": "1",
                            "tags.1630882000": "www-node",
                            "tags_fingerprint": "hOwvn4SsPrU=",
                            "zone": "australia-southeast1-c"
                        },
                        "meta": {
                            "e2bfb730-ecaa-11e6-8f88-34363bc7c4c0": {
                                "create": 360000000000,
                                "delete": 360000000000,
                                "update": 360000000000
                            },
                            "schema_version": "6"
                        },
                        "tainted": false
                    },
                    "deposed": [],
                    "provider": "provider.google"
                },
                "google_compute_instance.www.1": {
                    "type": "google_compute_instance",
                    "depends_on": [],
                    "primary": {
                        "id": "tf-www-1",
                        "attributes": {
                            "attached_disk.#": "0",
                            "boot_disk.#": "1",
                            "boot_disk.0.auto_delete": "true",
                            "boot_disk.0.device_name": "persistent-disk-0",
                            "boot_disk.0.disk_encryption_key_raw": "",
                            "boot_disk.0.disk_encryption_key_sha256": "",
                            "boot_disk.0.initialize_params.#": "1",
                            "boot_disk.0.initialize_params.0.image": "https://www.googleapis.com/compute/v1/projects/ubuntu-os-cloud/global/images/ubuntu-1404-trusty-v20160602",
                            "boot_disk.0.initialize_params.0.size": "10",
                            "boot_disk.0.initialize_params.0.type": "pd-standard",
                            "boot_disk.0.kms_key_self_link": "",
                            "boot_disk.0.source": "https://www.googleapis.com/compute/v1/projects/mattraytesting/zones/australia-southeast1-c/disks/tf-www-1",
                            "can_ip_forward": "false",
                            "cpu_platform": "Intel Broadwell",
                            "deletion_protection": "false",
                            "guest_accelerator.#": "0",
                            "hostname": "",
                            "id": "tf-www-1",
                            "instance_id": "7824339356366690310",
                            "label_fingerprint": "42WmSpB8rSM=",
                            "labels.%": "0",
                            "machine_type": "f1-micro",
                            "metadata.%": "1",
                            "metadata.ssh-keys": "root:ssh-rsa AAAAB3NzaC1yc2EAAAADAQABAAABAQCy63wpqfH1kG9v5UKqAW4koixkwPK9B0k2Z0ph1nmyaAaGeYj+gQvGHPvL5SGCi1umxz827VbLtnn5LV71p+Ix5jZ3r499nu1UiXUK8iI9GXpItd1u4iUTRREBa6JxfW5QZyf19eROJLnns1+rYhiP2Rolxm2amR/k1IXsd99D97WEXV8LBrDxi9vo57kn/Z58F0nCuUAxedWtHyQt+7sOev9WFNtfgEFiB8rsEfUuKG2GsMU/aKD9l7xkiWcIY73HNUmhOfzKxWetC4+dlZoDCVGcViR45pgl1/jQsIwa3SnYRObojXZ82HUI9X8tEKcno8S4bTEeixA1ntg0HFuh mattray@clamps.bottlebru.sh\n",
                            "metadata_fingerprint": "pTYYj6-uBMU=",
                            "metadata_startup_script": "",
                            "min_cpu_platform": "",
                            "name": "tf-www-1",
                            "network_interface.#": "1",
                            "network_interface.0.access_config.#": "1",
                            "network_interface.0.access_config.0.assigned_nat_ip": "",
                            "network_interface.0.access_config.0.nat_ip": "35.197.189.46",
                            "network_interface.0.access_config.0.network_tier": "PREMIUM",
                            "network_interface.0.access_config.0.public_ptr_domain_name": "",
                            "network_interface.0.address": "",
                            "network_interface.0.alias_ip_range.#": "0",
                            "network_interface.0.name": "nic0",
                            "network_interface.0.network": "https://www.googleapis.com/compute/v1/projects/mattraytesting/global/networks/default",
                            "network_interface.0.network_ip": "10.152.0.4",
                            "network_interface.0.subnetwork": "https://www.googleapis.com/compute/v1/projects/mattraytesting/regions/australia-southeast1/subnetworks/default",
                            "network_interface.0.subnetwork_project": "mattraytesting",
                            "project": "mattraytesting",
                            "scheduling.#": "1",
                            "scheduling.0.automatic_restart": "true",
                            "scheduling.0.node_affinities.#": "0",
                            "scheduling.0.on_host_maintenance": "MIGRATE",
                            "scheduling.0.preemptible": "false",
                            "scratch_disk.#": "0",
                            "self_link": "https://www.googleapis.com/compute/v1/projects/mattraytesting/zones/australia-southeast1-c/instances/tf-www-1",
                            "service_account.#": "1",
                            "service_account.0.email": "509781767191-compute@developer.gserviceaccount.com",
                            "service_account.0.scopes.#": "1",
                            "service_account.0.scopes.2862113455": "https://www.googleapis.com/auth/compute.readonly",
                            "shielded_instance_config.#": "0",
                            "tags.#": "1",
                            "tags.1630882000": "www-node",
                            "tags_fingerprint": "hOwvn4SsPrU=",
                            "zone": "australia-southeast1-c"
                        },
                        "meta": {
                            "e2bfb730-ecaa-11e6-8f88-34363bc7c4c0": {
                                "create": 360000000000,
                                "delete": 360000000000,
                                "update": 360000000000
                            },
                            "schema_version": "6"
                        },
                        "tainted": false
                    },
                    "deposed": [],
                    "provider": "provider.google"
                },
                "google_compute_instance.www.2": {
                    "type": "google_compute_instance",
                    "depends_on": [],
                    "primary": {
                        "id": "tf-www-2",
                        "attributes": {
                            "attached_disk.#": "0",
                            "boot_disk.#": "1",
                            "boot_disk.0.auto_delete": "true",
                            "boot_disk.0.device_name": "persistent-disk-0",
                            "boot_disk.0.disk_encryption_key_raw": "",
                            "boot_disk.0.disk_encryption_key_sha256": "",
                            "boot_disk.0.initialize_params.#": "1",
                            "boot_disk.0.initialize_params.0.image": "https://www.googleapis.com/compute/v1/projects/ubuntu-os-cloud/global/images/ubuntu-1404-trusty-v20160602",
                            "boot_disk.0.initialize_params.0.size": "10",
                            "boot_disk.0.initialize_params.0.type": "pd-standard",
                            "boot_disk.0.kms_key_self_link": "",
                            "boot_disk.0.source": "https://www.googleapis.com/compute/v1/projects/mattraytesting/zones/australia-southeast1-c/disks/tf-www-2",
                            "can_ip_forward": "false",
                            "cpu_platform": "Intel Broadwell",
                            "deletion_protection": "false",
                            "guest_accelerator.#": "0",
                            "hostname": "",
                            "id": "tf-www-2",
                            "instance_id": "4482126962035808262",
                            "label_fingerprint": "42WmSpB8rSM=",
                            "labels.%": "0",
                            "machine_type": "f1-micro",
                            "metadata.%": "1",
                            "metadata.ssh-keys": "root:ssh-rsa AAAAB3NzaC1yc2EAAAADAQABAAABAQCy63wpqfH1kG9v5UKqAW4koixkwPK9B0k2Z0ph1nmyaAaGeYj+gQvGHPvL5SGCi1umxz827VbLtnn5LV71p+Ix5jZ3r499nu1UiXUK8iI9GXpItd1u4iUTRREBa6JxfW5QZyf19eROJLnns1+rYhiP2Rolxm2amR/k1IXsd99D97WEXV8LBrDxi9vo57kn/Z58F0nCuUAxedWtHyQt+7sOev9WFNtfgEFiB8rsEfUuKG2GsMU/aKD9l7xkiWcIY73HNUmhOfzKxWetC4+dlZoDCVGcViR45pgl1/jQsIwa3SnYRObojXZ82HUI9X8tEKcno8S4bTEeixA1ntg0HFuh mattray@clamps.bottlebru.sh\n",
                            "metadata_fingerprint": "pTYYj6-uBMU=",
                            "metadata_startup_script": "",
                            "min_cpu_platform": "",
                            "name": "tf-www-2",
                            "network_interface.#": "1",
                            "network_interface.0.access_config.#": "1",
                            "network_interface.0.access_config.0.assigned_nat_ip": "",
                            "network_interface.0.access_config.0.nat_ip": "35.244.90.239",
                            "network_interface.0.access_config.0.network_tier": "PREMIUM",
                            "network_interface.0.access_config.0.public_ptr_domain_name": "",
                            "network_interface.0.address": "",
                            "network_interface.0.alias_ip_range.#": "0",
                            "network_interface.0.name": "nic0",
                            "network_interface.0.network": "https://www.googleapis.com/compute/v1/projects/mattraytesting/global/networks/default",
                            "network_interface.0.network_ip": "10.152.0.3",
                            "network_interface.0.subnetwork": "https://www.googleapis.com/compute/v1/projects/mattraytesting/regions/australia-southeast1/subnetworks/default",
                            "network_interface.0.subnetwork_project": "mattraytesting",
                            "project": "mattraytesting",
                            "scheduling.#": "1",
                            "scheduling.0.automatic_restart": "true",
                            "scheduling.0.node_affinities.#": "0",
                            "scheduling.0.on_host_maintenance": "MIGRATE",
                            "scheduling.0.preemptible": "false",
                            "scratch_disk.#": "0",
                            "self_link": "https://www.googleapis.com/compute/v1/projects/mattraytesting/zones/australia-southeast1-c/instances/tf-www-2",
                            "service_account.#": "1",
                            "service_account.0.email": "509781767191-compute@developer.gserviceaccount.com",
                            "service_account.0.scopes.#": "1",
                            "service_account.0.scopes.2862113455": "https://www.googleapis.com/auth/compute.readonly",
                            "shielded_instance_config.#": "0",
                            "tags.#": "1",
                            "tags.1630882000": "www-node",
                            "tags_fingerprint": "hOwvn4SsPrU=",
                            "zone": "australia-southeast1-c"
                        },
                        "meta": {
                            "e2bfb730-ecaa-11e6-8f88-34363bc7c4c0": {
                                "create": 360000000000,
                                "delete": 360000000000,
                                "update": 360000000000
                            },
                            "schema_version": "6"
                        },
                        "tainted": false
                    },
                    "deposed": [],
                    "provider": "provider.google"
                },
                "google_compute_target_pool.default": {
                    "type": "google_compute_target_pool",
                    "depends_on": [
                        "google_compute_http_health_check.default",
                        "google_compute_instance.www.*"
                    ],
                    "primary": {
                        "id": "tf-www-target-pool",
                        "attributes": {
                            "backup_pool": "",
                            "description": "",
                            "failover_ratio": "0",
                            "health_checks.#": "1",
                            "health_checks.0": "https://www.googleapis.com/compute/v1/projects/mattraytesting/global/httpHealthChecks/tf-www-basic-check",
                            "id": "tf-www-target-pool",
                            "instances.#": "3",
                            "instances.1757036410": "australia-southeast1-c/tf-www-1",
                            "instances.4055068352": "australia-southeast1-c/tf-www-2",
                            "instances.532484076": "australia-southeast1-c/tf-www-0",
                            "name": "tf-www-target-pool",
                            "project": "mattraytesting",
                            "region": "australia-southeast1",
                            "self_link": "https://www.googleapis.com/compute/v1/projects/mattraytesting/regions/australia-southeast1/targetPools/tf-www-target-pool",
                            "session_affinity": "NONE"
                        },
                        "meta": {},
                        "tainted": false
                    },
                    "deposed": [],
                    "provider": "provider.google"
                }
            },
            "depends_on": []
        }
    ]
}
